<?xml version="1.0" encoding="utf-8"?>
<Project ToolsVersion="4.0" xmlns="http://schemas.microsoft.com/developer/msbuild/2003">
  <ItemGroup>
    <Filter Include="Source Files">
      <UniqueIdentifier>{4FC737F1-C7A5-4376-A066-2A32D752A2FF}</UniqueIdentifier>
      <Extensions>cpp;c;cc;cxx;c++;cppm;ixx;def;odl;idl;hpj;bat;asm;asmx</Extensions>
    </Filter>
    <Filter Include="Header Files">
      <UniqueIdentifier>{93995380-89BD-4b04-88EB-625FBE52EBFB}</UniqueIdentifier>
      <Extensions>h;hh;hpp;hxx;h++;hm;inl;inc;ipp;xsd</Extensions>
    </Filter>
    <Filter Include="Resource Files">
      <UniqueIdentifier>{67DA6AB6-F800-4c08-8B7A-83BB121AAD01}</UniqueIdentifier>
      <Extensions>rc;ico;cur;bmp;dlg;rc2;rct;bin;rgs;gif;jpg;jpeg;jpe;resx;tiff;tif;png;wav;mfcribbon-ms</Extensions>
    </Filter>
    <Filter Include="Main">
      <UniqueIdentifier>{cb366f1c-07dd-40bd-a6a3-3bb7ac3fb44e}</UniqueIdentifier>
    </Filter>
    <Filter Include="Engine">
      <UniqueIdentifier>{579a9193-8e89-4202-af35-a54920c58240}</UniqueIdentifier>
    </Filter>
    <Filter Include="Border">
      <UniqueIdentifier>{3e612f0b-f679-4831-94ab-bb9b7e1351f6}</UniqueIdentifier>
    </Filter>
    <Filter Include="Config">
      <UniqueIdentifier>{6511147f-e207-45a6-a528-a2e486bec7d8}</UniqueIdentifier>
    </Filter>
    <Filter Include="Ball">
      <UniqueIdentifier>{311da758-f777-41de-aabf-a7c6ab347c92}</UniqueIdentifier>
    </Filter>
    <Filter Include="Platform">
      <UniqueIdentifier>{2df97234-7418-4024-a5f3-a1d88679849e}</UniqueIdentifier>
    </Filter>
    <Filter Include="Active_Brick">
      <UniqueIdentifier>{ac4c88fd-c84d-4ce2-9f3e-86112e0288b3}</UniqueIdentifier>
    </Filter>
    <Filter Include="Level">
      <UniqueIdentifier>{0c283472-811c-4f30-9064-2b21453941c3}</UniqueIdentifier>
    </Filter>
    <Filter Include="Falling_Letter">
      <UniqueIdentifier>{1b54401c-7a76-4546-8484-c7f1940eb497}</UniqueIdentifier>
    </Filter>
    <Filter Include="Ball_Set">
      <UniqueIdentifier>{d5d1e041-9e3a-480f-aba2-64ef33baf8bb}</UniqueIdentifier>
    </Filter>
  </ItemGroup>
  <ItemGroup>
    <ClInclude Include="framework.h">
      <Filter>Header Files</Filter>
    </ClInclude>
    <ClInclude Include="targetver.h">
      <Filter>Header Files</Filter>
    </ClInclude>
    <ClInclude Include="Resource.h">
      <Filter>Header Files</Filter>
    </ClInclude>
    <ClInclude Include="Main.h">
      <Filter>Main</Filter>
    </ClInclude>
    <ClInclude Include="Engine.h">
      <Filter>Engine</Filter>
    </ClInclude>
    <ClInclude Include="Border.h">
      <Filter>Border</Filter>
    </ClInclude>
    <ClInclude Include="Level.h">
      <Filter>Level</Filter>
    </ClInclude>
    <ClInclude Include="Config.h">
      <Filter>Config</Filter>
    </ClInclude>
    <ClInclude Include="Ball.h">
      <Filter>Ball</Filter>
    </ClInclude>
    <ClInclude Include="Platform.h">
      <Filter>Platform</Filter>
    </ClInclude>
    <ClInclude Include="Active_Brick.h">
      <Filter>Active_Brick</Filter>
    </ClInclude>
    <ClInclude Include="Falling_Letter.h">
      <Filter>Falling_Letter</Filter>
    </ClInclude>
    <ClInclude Include="Ball_Set.h">
      <Filter>Ball_Set</Filter>
    </ClInclude>
  </ItemGroup>
  <ItemGroup>
    <ResourceCompile Include="Popcorn.rc">
      <Filter>Resource Files</Filter>
    </ResourceCompile>
  </ItemGroup>
  <ItemGroup>
    <Image Include="small.ico">
      <Filter>Resource Files</Filter>
    </Image>
    <Image Include="Popcorn.ico">
      <Filter>Resource Files</Filter>
    </Image>
  </ItemGroup>
  <ItemGroup>
    <ClCompile Include="Main.cpp">
      <Filter>Main</Filter>
    </ClCompile>
    <ClCompile Include="Engine.cpp">
      <Filter>Engine</Filter>
    </ClCompile>
    <ClCompile Include="Border.cpp">
      <Filter>Border</Filter>
    </ClCompile>
    <ClCompile Include="Level.cpp">
      <Filter>Level</Filter>
    </ClCompile>
    <ClCompile Include="Config.cpp">
      <Filter>Config</Filter>
    </ClCompile>
    <ClCompile Include="Ball.cpp">
      <Filter>Ball</Filter>
    </ClCompile>
    <ClCompile Include="Platform.cpp">
      <Filter>Platform</Filter>
    </ClCompile>
    <ClCompile Include="Active_Brick.cpp">
      <Filter>Active_Brick</Filter>
    </ClCompile>
    <ClCompile Include="Ball_Set.cpp">
      <Filter>Ball_Set</Filter>
    </ClCompile>
    <ClCompile Include="Falling_Letter.cpp">
      <Filter>Falling_Letter</Filter>
    </ClCompile>
  </ItemGroup>
</Project>